
Microsoft Visual Studio Solution File, Format Version 12.00
# Visual Studio Version 17
VisualStudioVersion = 17.8.34525.116
MinimumVisualStudioVersion = 10.0.40219.1
Project("{FAE04EC0-301F-11D3-BF4B-00C04F79EFBC}") = "tarefasAPI", "tarefasAPI\tarefasAPI.csproj", "{FE3BD074-EAC3-499E-9922-20AFCEC672D8}"
EndProject
Global
	GlobalSection(SolutionConfigurationPlatforms) = preSolution
		Debug|Any CPU = Debug|Any CPU
		Release|Any CPU = Release|Any CPU
	EndGlobalSection
	GlobalSection(ProjectConfigurationPlatforms) = postSolution
		{FE3BD074-EAC3-499E-9922-20AFCEC672D8}.Debug|Any CPU.ActiveCfg = Debug|Any CPU
		{FE3BD074-EAC3-499E-9922-20AFCEC672D8}.Debug|Any CPU.Build.0 = Debug|Any CPU
		{FE3BD074-EAC3-499E-9922-20AFCEC672D8}.Release|Any CPU.ActiveCfg = Release|Any CPU
		{FE3BD074-EAC3-499E-9922-20AFCEC672D8}.Release|Any CPU.Build.0 = Release|Any CPU
	EndGlobalSection
	GlobalSection(SolutionProperties) = preSolution
		HideSolutionNode = FALSE
	EndGlobalSection
	GlobalSection(ExtensibilityGlobals) = postSolution
		SolutionGuid = {1EA8DC24-A929-44E3-8F0D-818E14AC626B}
	EndGlobalSection
EndGlobal
